// !$*UTF8*$!
{
	archiveVersion = 1;
	classes = {
	};
	objectVersion = 56;
	objects = {

/* Begin PBXBuildFile section */
		DB03947F296445B90018786C /* XCTestCase+Snapshot.swift in Sources */ = {isa = PBXBuildFile; fileRef = DB03947D296445B90018786C /* XCTestCase+Snapshot.swift */; };
		DB039480296445B90018786C /* UIViewController+Snapshot.swift in Sources */ = {isa = PBXBuildFile; fileRef = DB03947E296445B90018786C /* UIViewController+Snapshot.swift */; };
		DB039486296449200018786C /* TrendingReposSnapshotTests.swift in Sources */ = {isa = PBXBuildFile; fileRef = DB039485296449200018786C /* TrendingReposSnapshotTests.swift */; };
		DB03948829644DAF0018786C /* TrendingRepos.storyboard in Resources */ = {isa = PBXBuildFile; fileRef = DB03948729644DAF0018786C /* TrendingRepos.storyboard */; };
		DB03948C29644E020018786C /* TrendingReposViewController.swift in Sources */ = {isa = PBXBuildFile; fileRef = DB03948B29644E020018786C /* TrendingReposViewController.swift */; };
		DB03948E29644E380018786C /* TrendingReposLoadingViewModel.swift in Sources */ = {isa = PBXBuildFile; fileRef = DB03948D29644E380018786C /* TrendingReposLoadingViewModel.swift */; };
		DB039491296450010018786C /* TRENDING_REPOS_WITH_LOADING_STATE_light.png in Resources */ = {isa = PBXBuildFile; fileRef = DB039490296450010018786C /* TRENDING_REPOS_WITH_LOADING_STATE_light.png */; };
		DB123B682965D6A20023FF02 /* RoundedView.swift in Sources */ = {isa = PBXBuildFile; fileRef = DB123B672965D6A20023FF02 /* RoundedView.swift */; };
		DB123B6A2965DC7A0023FF02 /* TRENDING_REPOS_WITH_LOADING_STATE_dark.png in Resources */ = {isa = PBXBuildFile; fileRef = DB123B692965DC7A0023FF02 /* TRENDING_REPOS_WITH_LOADING_STATE_dark.png */; };
		DB123B6C2965ED950023FF02 /* TrendingReposErrorViewModel.swift in Sources */ = {isa = PBXBuildFile; fileRef = DB123B6B2965ED950023FF02 /* TrendingReposErrorViewModel.swift */; };
		DB123B6F2965EF0A0023FF02 /* TRENDING_REPOS_WITH_ERROR_STATE_light.png in Resources */ = {isa = PBXBuildFile; fileRef = DB123B6D2965EF0A0023FF02 /* TRENDING_REPOS_WITH_ERROR_STATE_light.png */; };
		DB123B702965EF0A0023FF02 /* TRENDING_REPOS_WITH_ERROR_STATE_dark.png in Resources */ = {isa = PBXBuildFile; fileRef = DB123B6E2965EF0A0023FF02 /* TRENDING_REPOS_WITH_ERROR_STATE_dark.png */; };
		DB3C4A0A2964400C00D8AA9B /* TrendingReposiOS.framework in Frameworks */ = {isa = PBXBuildFile; fileRef = DB3C4A012964400B00D8AA9B /* TrendingReposiOS.framework */; };
		DB55293229660AC700DBA07E /* Lottie in Frameworks */ = {isa = PBXBuildFile; productRef = DB55293129660AC700DBA07E /* Lottie */; };
		DB55293529660CA300DBA07E /* SomethingWentWrongAnimation.json in Resources */ = {isa = PBXBuildFile; fileRef = DB55293429660CA300DBA07E /* SomethingWentWrongAnimation.json */; };
		DB55293829682B2F00DBA07E /* TestAssets.xcassets in Resources */ = {isa = PBXBuildFile; fileRef = DB55293729682B2F00DBA07E /* TestAssets.xcassets */; };
		DB55293A29682FA200DBA07E /* TrendingRepoViewModel.swift in Sources */ = {isa = PBXBuildFile; fileRef = DB55293929682FA200DBA07E /* TrendingRepoViewModel.swift */; };
		DB55293D296830B300DBA07E /* TRENDING_REPOS_WITH_CONTENT_dark.png in Resources */ = {isa = PBXBuildFile; fileRef = DB55293B296830B300DBA07E /* TRENDING_REPOS_WITH_CONTENT_dark.png */; };
		DB55293E296830B300DBA07E /* TRENDING_REPOS_WITH_CONTENT_light.png in Resources */ = {isa = PBXBuildFile; fileRef = DB55293C296830B300DBA07E /* TRENDING_REPOS_WITH_CONTENT_light.png */; };
		DB55294029683D7800DBA07E /* TrendingRepoCell.swift in Sources */ = {isa = PBXBuildFile; fileRef = DB55293F29683D7800DBA07E /* TrendingRepoCell.swift */; };
		DB5529422968ADC800DBA07E /* TrendingReposErrorView.swift in Sources */ = {isa = PBXBuildFile; fileRef = DB5529412968ADC800DBA07E /* TrendingReposErrorView.swift */; };
		DB5529452968C89D00DBA07E /* UITableViewDiffableDataSource+Extensions.swift in Sources */ = {isa = PBXBuildFile; fileRef = DB5529442968C89D00DBA07E /* UITableViewDiffableDataSource+Extensions.swift */; };
		DB5529472968CA1F00DBA07E /* TrendingRepoCellController.swift in Sources */ = {isa = PBXBuildFile; fileRef = DB5529462968CA1F00DBA07E /* TrendingRepoCellController.swift */; };
		DB5529572969857C00DBA07E /* TrendingRepos.framework in Frameworks */ = {isa = PBXBuildFile; fileRef = DB55294F2969857C00DBA07E /* TrendingRepos.framework */; };
		DB5529662969893900DBA07E /* Repo.swift in Sources */ = {isa = PBXBuildFile; fileRef = DB5529652969893900DBA07E /* Repo.swift */; };
		DB55296829698A4D00DBA07E /* RepoOwner.swift in Sources */ = {isa = PBXBuildFile; fileRef = DB55296729698A4D00DBA07E /* RepoOwner.swift */; };
		DB55296A2969900C00DBA07E /* TrendingReposPresenterTests.swift in Sources */ = {isa = PBXBuildFile; fileRef = DB5529692969900C00DBA07E /* TrendingReposPresenterTests.swift */; };
		DB55296E2969905800DBA07E /* TrendingReposPresenter.swift in Sources */ = {isa = PBXBuildFile; fileRef = DB55296D2969905800DBA07E /* TrendingReposPresenter.swift */; };
		DB552970296994FA00DBA07E /* TrendingReposViewModel.swift in Sources */ = {isa = PBXBuildFile; fileRef = DB55296F296994FA00DBA07E /* TrendingReposViewModel.swift */; };
/* End PBXBuildFile section */

/* Begin PBXContainerItemProxy section */
		DB3C4A0B2964400C00D8AA9B /* PBXContainerItemProxy */ = {
			isa = PBXContainerItemProxy;
			containerPortal = DB3C49F82964400B00D8AA9B /* Project object */;
			proxyType = 1;
			remoteGlobalIDString = DB3C4A002964400B00D8AA9B;
			remoteInfo = TrendingReposiOS;
		};
		DB5529582969857C00DBA07E /* PBXContainerItemProxy */ = {
			isa = PBXContainerItemProxy;
			containerPortal = DB3C49F82964400B00D8AA9B /* Project object */;
			proxyType = 1;
			remoteGlobalIDString = DB55294E2969857C00DBA07E;
			remoteInfo = TrendingRepos;
		};
/* End PBXContainerItemProxy section */

/* Begin PBXFileReference section */
		DB03947D296445B90018786C /* XCTestCase+Snapshot.swift */ = {isa = PBXFileReference; fileEncoding = 4; lastKnownFileType = sourcecode.swift; path = "XCTestCase+Snapshot.swift"; sourceTree = "<group>"; };
		DB03947E296445B90018786C /* UIViewController+Snapshot.swift */ = {isa = PBXFileReference; fileEncoding = 4; lastKnownFileType = sourcecode.swift; path = "UIViewController+Snapshot.swift"; sourceTree = "<group>"; };
		DB039485296449200018786C /* TrendingReposSnapshotTests.swift */ = {isa = PBXFileReference; lastKnownFileType = sourcecode.swift; path = TrendingReposSnapshotTests.swift; sourceTree = "<group>"; };
		DB03948729644DAF0018786C /* TrendingRepos.storyboard */ = {isa = PBXFileReference; lastKnownFileType = file.storyboard; path = TrendingRepos.storyboard; sourceTree = "<group>"; };
		DB03948B29644E020018786C /* TrendingReposViewController.swift */ = {isa = PBXFileReference; lastKnownFileType = sourcecode.swift; path = TrendingReposViewController.swift; sourceTree = "<group>"; };
		DB03948D29644E380018786C /* TrendingReposLoadingViewModel.swift */ = {isa = PBXFileReference; lastKnownFileType = sourcecode.swift; path = TrendingReposLoadingViewModel.swift; sourceTree = "<group>"; };
		DB039490296450010018786C /* TRENDING_REPOS_WITH_LOADING_STATE_light.png */ = {isa = PBXFileReference; lastKnownFileType = image.png; path = TRENDING_REPOS_WITH_LOADING_STATE_light.png; sourceTree = "<group>"; };
		DB123B672965D6A20023FF02 /* RoundedView.swift */ = {isa = PBXFileReference; lastKnownFileType = sourcecode.swift; path = RoundedView.swift; sourceTree = "<group>"; };
		DB123B692965DC7A0023FF02 /* TRENDING_REPOS_WITH_LOADING_STATE_dark.png */ = {isa = PBXFileReference; lastKnownFileType = image.png; path = TRENDING_REPOS_WITH_LOADING_STATE_dark.png; sourceTree = "<group>"; };
		DB123B6B2965ED950023FF02 /* TrendingReposErrorViewModel.swift */ = {isa = PBXFileReference; lastKnownFileType = sourcecode.swift; path = TrendingReposErrorViewModel.swift; sourceTree = "<group>"; };
		DB123B6D2965EF0A0023FF02 /* TRENDING_REPOS_WITH_ERROR_STATE_light.png */ = {isa = PBXFileReference; lastKnownFileType = image.png; path = TRENDING_REPOS_WITH_ERROR_STATE_light.png; sourceTree = "<group>"; };
		DB123B6E2965EF0A0023FF02 /* TRENDING_REPOS_WITH_ERROR_STATE_dark.png */ = {isa = PBXFileReference; lastKnownFileType = image.png; path = TRENDING_REPOS_WITH_ERROR_STATE_dark.png; sourceTree = "<group>"; };
		DB3C4A012964400B00D8AA9B /* TrendingReposiOS.framework */ = {isa = PBXFileReference; explicitFileType = wrapper.framework; includeInIndex = 0; path = TrendingReposiOS.framework; sourceTree = BUILT_PRODUCTS_DIR; };
		DB3C4A092964400C00D8AA9B /* TrendingReposiOSTests.xctest */ = {isa = PBXFileReference; explicitFileType = wrapper.cfbundle; includeInIndex = 0; path = TrendingReposiOSTests.xctest; sourceTree = BUILT_PRODUCTS_DIR; };
		DB55293429660CA300DBA07E /* SomethingWentWrongAnimation.json */ = {isa = PBXFileReference; fileEncoding = 4; lastKnownFileType = text.json; path = SomethingWentWrongAnimation.json; sourceTree = "<group>"; };
		DB55293729682B2F00DBA07E /* TestAssets.xcassets */ = {isa = PBXFileReference; lastKnownFileType = folder.assetcatalog; path = TestAssets.xcassets; sourceTree = "<group>"; };
		DB55293929682FA200DBA07E /* TrendingRepoViewModel.swift */ = {isa = PBXFileReference; lastKnownFileType = sourcecode.swift; path = TrendingRepoViewModel.swift; sourceTree = "<group>"; };
		DB55293B296830B300DBA07E /* TRENDING_REPOS_WITH_CONTENT_dark.png */ = {isa = PBXFileReference; lastKnownFileType = image.png; path = TRENDING_REPOS_WITH_CONTENT_dark.png; sourceTree = "<group>"; };
		DB55293C296830B300DBA07E /* TRENDING_REPOS_WITH_CONTENT_light.png */ = {isa = PBXFileReference; lastKnownFileType = image.png; path = TRENDING_REPOS_WITH_CONTENT_light.png; sourceTree = "<group>"; };
		DB55293F29683D7800DBA07E /* TrendingRepoCell.swift */ = {isa = PBXFileReference; lastKnownFileType = sourcecode.swift; path = TrendingRepoCell.swift; sourceTree = "<group>"; };
		DB5529412968ADC800DBA07E /* TrendingReposErrorView.swift */ = {isa = PBXFileReference; lastKnownFileType = sourcecode.swift; path = TrendingReposErrorView.swift; sourceTree = "<group>"; };
		DB5529442968C89D00DBA07E /* UITableViewDiffableDataSource+Extensions.swift */ = {isa = PBXFileReference; lastKnownFileType = sourcecode.swift; path = "UITableViewDiffableDataSource+Extensions.swift"; sourceTree = "<group>"; };
		DB5529462968CA1F00DBA07E /* TrendingRepoCellController.swift */ = {isa = PBXFileReference; lastKnownFileType = sourcecode.swift; path = TrendingRepoCellController.swift; sourceTree = "<group>"; };
		DB55294F2969857C00DBA07E /* TrendingRepos.framework */ = {isa = PBXFileReference; explicitFileType = wrapper.framework; includeInIndex = 0; path = TrendingRepos.framework; sourceTree = BUILT_PRODUCTS_DIR; };
		DB5529562969857C00DBA07E /* TrendingReposTests.xctest */ = {isa = PBXFileReference; explicitFileType = wrapper.cfbundle; includeInIndex = 0; path = TrendingReposTests.xctest; sourceTree = BUILT_PRODUCTS_DIR; };
		DB5529652969893900DBA07E /* Repo.swift */ = {isa = PBXFileReference; lastKnownFileType = sourcecode.swift; path = Repo.swift; sourceTree = "<group>"; };
		DB55296729698A4D00DBA07E /* RepoOwner.swift */ = {isa = PBXFileReference; lastKnownFileType = sourcecode.swift; path = RepoOwner.swift; sourceTree = "<group>"; };
		DB5529692969900C00DBA07E /* TrendingReposPresenterTests.swift */ = {isa = PBXFileReference; lastKnownFileType = sourcecode.swift; path = TrendingReposPresenterTests.swift; sourceTree = "<group>"; };
		DB55296D2969905800DBA07E /* TrendingReposPresenter.swift */ = {isa = PBXFileReference; lastKnownFileType = sourcecode.swift; path = TrendingReposPresenter.swift; sourceTree = "<group>"; };
		DB55296F296994FA00DBA07E /* TrendingReposViewModel.swift */ = {isa = PBXFileReference; lastKnownFileType = sourcecode.swift; path = TrendingReposViewModel.swift; sourceTree = "<group>"; };
/* End PBXFileReference section */

/* Begin PBXFrameworksBuildPhase section */
		DB3C49FE2964400B00D8AA9B /* Frameworks */ = {
			isa = PBXFrameworksBuildPhase;
			buildActionMask = 2147483647;
			files = (
				DB55293229660AC700DBA07E /* Lottie in Frameworks */,
			);
			runOnlyForDeploymentPostprocessing = 0;
		};
		DB3C4A062964400C00D8AA9B /* Frameworks */ = {
			isa = PBXFrameworksBuildPhase;
			buildActionMask = 2147483647;
			files = (
				DB3C4A0A2964400C00D8AA9B /* TrendingReposiOS.framework in Frameworks */,
			);
			runOnlyForDeploymentPostprocessing = 0;
		};
		DB55294C2969857C00DBA07E /* Frameworks */ = {
			isa = PBXFrameworksBuildPhase;
			buildActionMask = 2147483647;
			files = (
			);
			runOnlyForDeploymentPostprocessing = 0;
		};
		DB5529532969857C00DBA07E /* Frameworks */ = {
			isa = PBXFrameworksBuildPhase;
			buildActionMask = 2147483647;
			files = (
				DB5529572969857C00DBA07E /* TrendingRepos.framework in Frameworks */,
			);
			runOnlyForDeploymentPostprocessing = 0;
		};
/* End PBXFrameworksBuildPhase section */

/* Begin PBXGroup section */
		DB039483296446D90018786C /* Helpers */ = {
			isa = PBXGroup;
			children = (
				DB03947E296445B90018786C /* UIViewController+Snapshot.swift */,
				DB03947D296445B90018786C /* XCTestCase+Snapshot.swift */,
			);
			path = Helpers;
			sourceTree = "<group>";
		};
		DB03948929644DEB0018786C /* Views */ = {
			isa = PBXGroup;
			children = (
				DB123B672965D6A20023FF02 /* RoundedView.swift */,
				DB55293F29683D7800DBA07E /* TrendingRepoCell.swift */,
				DB5529412968ADC800DBA07E /* TrendingReposErrorView.swift */,
				DB03948729644DAF0018786C /* TrendingRepos.storyboard */,
			);
			path = Views;
			sourceTree = "<group>";
		};
		DB03948A29644DF20018786C /* Controllers */ = {
			isa = PBXGroup;
			children = (
				DB03948B29644E020018786C /* TrendingReposViewController.swift */,
				DB5529462968CA1F00DBA07E /* TrendingRepoCellController.swift */,
				DB03948D29644E380018786C /* TrendingReposLoadingViewModel.swift */,
				DB123B6B2965ED950023FF02 /* TrendingReposErrorViewModel.swift */,
				DB55293929682FA200DBA07E /* TrendingRepoViewModel.swift */,
			);
			path = Controllers;
			sourceTree = "<group>";
		};
		DB03948F296450010018786C /* snapshots */ = {
			isa = PBXGroup;
			children = (
				DB039490296450010018786C /* TRENDING_REPOS_WITH_LOADING_STATE_light.png */,
				DB123B692965DC7A0023FF02 /* TRENDING_REPOS_WITH_LOADING_STATE_dark.png */,
				DB123B6E2965EF0A0023FF02 /* TRENDING_REPOS_WITH_ERROR_STATE_dark.png */,
				DB123B6D2965EF0A0023FF02 /* TRENDING_REPOS_WITH_ERROR_STATE_light.png */,
				DB55293C296830B300DBA07E /* TRENDING_REPOS_WITH_CONTENT_light.png */,
				DB55293B296830B300DBA07E /* TRENDING_REPOS_WITH_CONTENT_dark.png */,
			);
			path = snapshots;
			sourceTree = "<group>";
		};
		DB3C49F72964400B00D8AA9B = {
			isa = PBXGroup;
			children = (
				DB5529502969857C00DBA07E /* TrendingRepos */,
				DB55295A2969857C00DBA07E /* TrendingReposTests */,
				DB3C4A032964400B00D8AA9B /* TrendingReposiOS */,
				DB3C4A0D2964400C00D8AA9B /* TrendingReposiOSTests */,
				DB3C4A022964400B00D8AA9B /* Products */,
			);
			sourceTree = "<group>";
		};
		DB3C4A022964400B00D8AA9B /* Products */ = {
			isa = PBXGroup;
			children = (
				DB3C4A012964400B00D8AA9B /* TrendingReposiOS.framework */,
				DB3C4A092964400C00D8AA9B /* TrendingReposiOSTests.xctest */,
				DB55294F2969857C00DBA07E /* TrendingRepos.framework */,
				DB5529562969857C00DBA07E /* TrendingReposTests.xctest */,
			);
			name = Products;
			sourceTree = "<group>";
		};
		DB3C4A032964400B00D8AA9B /* TrendingReposiOS */ = {
			isa = PBXGroup;
			children = (
				DB5529432968C88300DBA07E /* Helpers */,
				DB03948A29644DF20018786C /* Controllers */,
				DB03948929644DEB0018786C /* Views */,
				DB55293329660C8300DBA07E /* Assets */,
			);
			path = TrendingReposiOS;
			sourceTree = "<group>";
		};
		DB3C4A0D2964400C00D8AA9B /* TrendingReposiOSTests */ = {
			isa = PBXGroup;
			children = (
				DB039483296446D90018786C /* Helpers */,
				DB55293629682B0900DBA07E /* Assets */,
				DB03948F296450010018786C /* snapshots */,
				DB039485296449200018786C /* TrendingReposSnapshotTests.swift */,
			);
			path = TrendingReposiOSTests;
			sourceTree = "<group>";
		};
		DB55293329660C8300DBA07E /* Assets */ = {
			isa = PBXGroup;
			children = (
				DB55293429660CA300DBA07E /* SomethingWentWrongAnimation.json */,
			);
			path = Assets;
			sourceTree = "<group>";
		};
		DB55293629682B0900DBA07E /* Assets */ = {
			isa = PBXGroup;
			children = (
				DB55293729682B2F00DBA07E /* TestAssets.xcassets */,
			);
			path = Assets;
			sourceTree = "<group>";
		};
		DB5529432968C88300DBA07E /* Helpers */ = {
			isa = PBXGroup;
			children = (
				DB5529442968C89D00DBA07E /* UITableViewDiffableDataSource+Extensions.swift */,
			);
			path = Helpers;
			sourceTree = "<group>";
		};
		DB5529502969857C00DBA07E /* TrendingRepos */ = {
			isa = PBXGroup;
			children = (
				DB5529642969891E00DBA07E /* Domain */,
				DB55296C2969904300DBA07E /* Presentation */,
			);
			path = TrendingRepos;
			sourceTree = "<group>";
		};
		DB55295A2969857C00DBA07E /* TrendingReposTests */ = {
			isa = PBXGroup;
			children = (
				DB55296B2969901100DBA07E /* Presentation */,
			);
			path = TrendingReposTests;
			sourceTree = "<group>";
		};
		DB5529642969891E00DBA07E /* Domain */ = {
			isa = PBXGroup;
			children = (
				DB5529652969893900DBA07E /* Repo.swift */,
				DB55296729698A4D00DBA07E /* RepoOwner.swift */,
			);
			path = Domain;
			sourceTree = "<group>";
		};
		DB55296B2969901100DBA07E /* Presentation */ = {
			isa = PBXGroup;
			children = (
				DB5529692969900C00DBA07E /* TrendingReposPresenterTests.swift */,
			);
			path = Presentation;
			sourceTree = "<group>";
		};
		DB55296C2969904300DBA07E /* Presentation */ = {
			isa = PBXGroup;
			children = (
				DB55296D2969905800DBA07E /* TrendingReposPresenter.swift */,
				DB55296F296994FA00DBA07E /* TrendingReposViewModel.swift */,
			);
			path = Presentation;
			sourceTree = "<group>";
		};
/* End PBXGroup section */

/* Begin PBXHeadersBuildPhase section */
		DB3C49FC2964400B00D8AA9B /* Headers */ = {
			isa = PBXHeadersBuildPhase;
			buildActionMask = 2147483647;
			files = (
			);
			runOnlyForDeploymentPostprocessing = 0;
		};
		DB55294A2969857C00DBA07E /* Headers */ = {
			isa = PBXHeadersBuildPhase;
			buildActionMask = 2147483647;
			files = (
			);
			runOnlyForDeploymentPostprocessing = 0;
		};
/* End PBXHeadersBuildPhase section */

/* Begin PBXNativeTarget section */
		DB3C4A002964400B00D8AA9B /* TrendingReposiOS */ = {
			isa = PBXNativeTarget;
			buildConfigurationList = DB3C4A132964400C00D8AA9B /* Build configuration list for PBXNativeTarget "TrendingReposiOS" */;
			buildPhases = (
				DB3C49FC2964400B00D8AA9B /* Headers */,
				DB3C49FD2964400B00D8AA9B /* Sources */,
				DB3C49FE2964400B00D8AA9B /* Frameworks */,
				DB3C49FF2964400B00D8AA9B /* Resources */,
			);
			buildRules = (
			);
			dependencies = (
			);
			name = TrendingReposiOS;
			packageProductDependencies = (
				DB55293129660AC700DBA07E /* Lottie */,
			);
			productName = TrendingReposiOS;
			productReference = DB3C4A012964400B00D8AA9B /* TrendingReposiOS.framework */;
			productType = "com.apple.product-type.framework";
		};
		DB3C4A082964400C00D8AA9B /* TrendingReposiOSTests */ = {
			isa = PBXNativeTarget;
			buildConfigurationList = DB3C4A162964400C00D8AA9B /* Build configuration list for PBXNativeTarget "TrendingReposiOSTests" */;
			buildPhases = (
				DB3C4A052964400C00D8AA9B /* Sources */,
				DB3C4A062964400C00D8AA9B /* Frameworks */,
				DB3C4A072964400C00D8AA9B /* Resources */,
			);
			buildRules = (
			);
			dependencies = (
				DB3C4A0C2964400C00D8AA9B /* PBXTargetDependency */,
			);
			name = TrendingReposiOSTests;
			productName = TrendingReposiOSTests;
			productReference = DB3C4A092964400C00D8AA9B /* TrendingReposiOSTests.xctest */;
			productType = "com.apple.product-type.bundle.unit-test";
		};
		DB55294E2969857C00DBA07E /* TrendingRepos */ = {
			isa = PBXNativeTarget;
			buildConfigurationList = DB5529622969857C00DBA07E /* Build configuration list for PBXNativeTarget "TrendingRepos" */;
			buildPhases = (
				DB55294A2969857C00DBA07E /* Headers */,
				DB55294B2969857C00DBA07E /* Sources */,
				DB55294C2969857C00DBA07E /* Frameworks */,
				DB55294D2969857C00DBA07E /* Resources */,
			);
			buildRules = (
			);
			dependencies = (
			);
			name = TrendingRepos;
			productName = TrendingRepos;
			productReference = DB55294F2969857C00DBA07E /* TrendingRepos.framework */;
			productType = "com.apple.product-type.framework";
		};
		DB5529552969857C00DBA07E /* TrendingReposTests */ = {
			isa = PBXNativeTarget;
			buildConfigurationList = DB5529632969857C00DBA07E /* Build configuration list for PBXNativeTarget "TrendingReposTests" */;
			buildPhases = (
				DB5529522969857C00DBA07E /* Sources */,
				DB5529532969857C00DBA07E /* Frameworks */,
				DB5529542969857C00DBA07E /* Resources */,
			);
			buildRules = (
			);
			dependencies = (
				DB5529592969857C00DBA07E /* PBXTargetDependency */,
			);
			name = TrendingReposTests;
			productName = TrendingReposTests;
			productReference = DB5529562969857C00DBA07E /* TrendingReposTests.xctest */;
			productType = "com.apple.product-type.bundle.unit-test";
		};
/* End PBXNativeTarget section */

/* Begin PBXProject section */
		DB3C49F82964400B00D8AA9B /* Project object */ = {
			isa = PBXProject;
			attributes = {
				BuildIndependentTargetsInParallel = 1;
				LastSwiftUpdateCheck = 1410;
				LastUpgradeCheck = 1410;
				TargetAttributes = {
					DB3C4A002964400B00D8AA9B = {
						CreatedOnToolsVersion = 14.1;
						LastSwiftMigration = 1410;
					};
					DB3C4A082964400C00D8AA9B = {
						CreatedOnToolsVersion = 14.1;
						LastSwiftMigration = 1410;
					};
					DB55294E2969857C00DBA07E = {
						CreatedOnToolsVersion = 14.1;
						LastSwiftMigration = 1410;
					};
					DB5529552969857C00DBA07E = {
						CreatedOnToolsVersion = 14.1;
						LastSwiftMigration = 1410;
					};
				};
			};
			buildConfigurationList = DB3C49FB2964400B00D8AA9B /* Build configuration list for PBXProject "TrendingReposiOS" */;
			compatibilityVersion = "Xcode 14.0";
			developmentRegion = en;
			hasScannedForEncodings = 0;
			knownRegions = (
				en,
				Base,
			);
			mainGroup = DB3C49F72964400B00D8AA9B;
			packageReferences = (
				DB55293029660AC700DBA07E /* XCRemoteSwiftPackageReference "lottie-ios" */,
			);
			productRefGroup = DB3C4A022964400B00D8AA9B /* Products */;
			projectDirPath = "";
			projectRoot = "";
			targets = (
				DB55294E2969857C00DBA07E /* TrendingRepos */,
				DB5529552969857C00DBA07E /* TrendingReposTests */,
				DB3C4A002964400B00D8AA9B /* TrendingReposiOS */,
				DB3C4A082964400C00D8AA9B /* TrendingReposiOSTests */,
			);
		};
/* End PBXProject section */

/* Begin PBXResourcesBuildPhase section */
		DB3C49FF2964400B00D8AA9B /* Resources */ = {
			isa = PBXResourcesBuildPhase;
			buildActionMask = 2147483647;
			files = (
				DB55293529660CA300DBA07E /* SomethingWentWrongAnimation.json in Resources */,
				DB03948829644DAF0018786C /* TrendingRepos.storyboard in Resources */,
			);
			runOnlyForDeploymentPostprocessing = 0;
		};
		DB3C4A072964400C00D8AA9B /* Resources */ = {
			isa = PBXResourcesBuildPhase;
			buildActionMask = 2147483647;
			files = (
				DB55293E296830B300DBA07E /* TRENDING_REPOS_WITH_CONTENT_light.png in Resources */,
				DB039491296450010018786C /* TRENDING_REPOS_WITH_LOADING_STATE_light.png in Resources */,
				DB123B6F2965EF0A0023FF02 /* TRENDING_REPOS_WITH_ERROR_STATE_light.png in Resources */,
				DB123B6A2965DC7A0023FF02 /* TRENDING_REPOS_WITH_LOADING_STATE_dark.png in Resources */,
				DB55293829682B2F00DBA07E /* TestAssets.xcassets in Resources */,
				DB55293D296830B300DBA07E /* TRENDING_REPOS_WITH_CONTENT_dark.png in Resources */,
				DB123B702965EF0A0023FF02 /* TRENDING_REPOS_WITH_ERROR_STATE_dark.png in Resources */,
			);
			runOnlyForDeploymentPostprocessing = 0;
		};
		DB55294D2969857C00DBA07E /* Resources */ = {
			isa = PBXResourcesBuildPhase;
			buildActionMask = 2147483647;
			files = (
			);
			runOnlyForDeploymentPostprocessing = 0;
		};
		DB5529542969857C00DBA07E /* Resources */ = {
			isa = PBXResourcesBuildPhase;
			buildActionMask = 2147483647;
			files = (
			);
			runOnlyForDeploymentPostprocessing = 0;
		};
/* End PBXResourcesBuildPhase section */

/* Begin PBXSourcesBuildPhase section */
		DB3C49FD2964400B00D8AA9B /* Sources */ = {
			isa = PBXSourcesBuildPhase;
			buildActionMask = 2147483647;
			files = (
				DB5529472968CA1F00DBA07E /* TrendingRepoCellController.swift in Sources */,
				DB03948E29644E380018786C /* TrendingReposLoadingViewModel.swift in Sources */,
				DB03948C29644E020018786C /* TrendingReposViewController.swift in Sources */,
				DB123B6C2965ED950023FF02 /* TrendingReposErrorViewModel.swift in Sources */,
				DB55293A29682FA200DBA07E /* TrendingRepoViewModel.swift in Sources */,
				DB5529422968ADC800DBA07E /* TrendingReposErrorView.swift in Sources */,
				DB5529452968C89D00DBA07E /* UITableViewDiffableDataSource+Extensions.swift in Sources */,
				DB55294029683D7800DBA07E /* TrendingRepoCell.swift in Sources */,
				DB123B682965D6A20023FF02 /* RoundedView.swift in Sources */,
			);
			runOnlyForDeploymentPostprocessing = 0;
		};
		DB3C4A052964400C00D8AA9B /* Sources */ = {
			isa = PBXSourcesBuildPhase;
			buildActionMask = 2147483647;
			files = (
				DB039480296445B90018786C /* UIViewController+Snapshot.swift in Sources */,
				DB039486296449200018786C /* TrendingReposSnapshotTests.swift in Sources */,
				DB03947F296445B90018786C /* XCTestCase+Snapshot.swift in Sources */,
			);
			runOnlyForDeploymentPostprocessing = 0;
		};
		DB55294B2969857C00DBA07E /* Sources */ = {
			isa = PBXSourcesBuildPhase;
			buildActionMask = 2147483647;
			files = (
				DB5529662969893900DBA07E /* Repo.swift in Sources */,
				DB55296E2969905800DBA07E /* TrendingReposPresenter.swift in Sources */,
				DB55296829698A4D00DBA07E /* RepoOwner.swift in Sources */,
				DB552970296994FA00DBA07E /* TrendingReposViewModel.swift in Sources */,
			);
			runOnlyForDeploymentPostprocessing = 0;
		};
		DB5529522969857C00DBA07E /* Sources */ = {
			isa = PBXSourcesBuildPhase;
			buildActionMask = 2147483647;
			files = (
				DB55296A2969900C00DBA07E /* TrendingReposPresenterTests.swift in Sources */,
			);
			runOnlyForDeploymentPostprocessing = 0;
		};
/* End PBXSourcesBuildPhase section */

/* Begin PBXTargetDependency section */
		DB3C4A0C2964400C00D8AA9B /* PBXTargetDependency */ = {
			isa = PBXTargetDependency;
			target = DB3C4A002964400B00D8AA9B /* TrendingReposiOS */;
			targetProxy = DB3C4A0B2964400C00D8AA9B /* PBXContainerItemProxy */;
		};
		DB5529592969857C00DBA07E /* PBXTargetDependency */ = {
			isa = PBXTargetDependency;
			target = DB55294E2969857C00DBA07E /* TrendingRepos */;
			targetProxy = DB5529582969857C00DBA07E /* PBXContainerItemProxy */;
		};
/* End PBXTargetDependency section */

/* Begin XCBuildConfiguration section */
		DB3C4A112964400C00D8AA9B /* Debug */ = {
			isa = XCBuildConfiguration;
			buildSettings = {
				ALWAYS_SEARCH_USER_PATHS = NO;
				CLANG_ANALYZER_NONNULL = YES;
				CLANG_ANALYZER_NUMBER_OBJECT_CONVERSION = YES_AGGRESSIVE;
				CLANG_CXX_LANGUAGE_STANDARD = "gnu++20";
				CLANG_ENABLE_MODULES = YES;
				CLANG_ENABLE_OBJC_ARC = YES;
				CLANG_ENABLE_OBJC_WEAK = YES;
				CLANG_WARN_BLOCK_CAPTURE_AUTORELEASING = YES;
				CLANG_WARN_BOOL_CONVERSION = YES;
				CLANG_WARN_COMMA = YES;
				CLANG_WARN_CONSTANT_CONVERSION = YES;
				CLANG_WARN_DEPRECATED_OBJC_IMPLEMENTATIONS = YES;
				CLANG_WARN_DIRECT_OBJC_ISA_USAGE = YES_ERROR;
				CLANG_WARN_DOCUMENTATION_COMMENTS = YES;
				CLANG_WARN_EMPTY_BODY = YES;
				CLANG_WARN_ENUM_CONVERSION = YES;
				CLANG_WARN_INFINITE_RECURSION = YES;
				CLANG_WARN_INT_CONVERSION = YES;
				CLANG_WARN_NON_LITERAL_NULL_CONVERSION = YES;
				CLANG_WARN_OBJC_IMPLICIT_RETAIN_SELF = YES;
				CLANG_WARN_OBJC_LITERAL_CONVERSION = YES;
				CLANG_WARN_OBJC_ROOT_CLASS = YES_ERROR;
				CLANG_WARN_QUOTED_INCLUDE_IN_FRAMEWORK_HEADER = YES;
				CLANG_WARN_RANGE_LOOP_ANALYSIS = YES;
				CLANG_WARN_STRICT_PROTOTYPES = YES;
				CLANG_WARN_SUSPICIOUS_MOVE = YES;
				CLANG_WARN_UNGUARDED_AVAILABILITY = YES_AGGRESSIVE;
				CLANG_WARN_UNREACHABLE_CODE = YES;
				CLANG_WARN__DUPLICATE_METHOD_MATCH = YES;
				COPY_PHASE_STRIP = NO;
				CURRENT_PROJECT_VERSION = 1;
				DEBUG_INFORMATION_FORMAT = dwarf;
				ENABLE_STRICT_OBJC_MSGSEND = YES;
				ENABLE_TESTABILITY = YES;
				GCC_C_LANGUAGE_STANDARD = gnu11;
				GCC_DYNAMIC_NO_PIC = NO;
				GCC_NO_COMMON_BLOCKS = YES;
				GCC_OPTIMIZATION_LEVEL = 0;
				GCC_PREPROCESSOR_DEFINITIONS = (
					"DEBUG=1",
					"$(inherited)",
				);
				GCC_WARN_64_TO_32_BIT_CONVERSION = YES;
				GCC_WARN_ABOUT_RETURN_TYPE = YES_ERROR;
				GCC_WARN_UNDECLARED_SELECTOR = YES;
				GCC_WARN_UNINITIALIZED_AUTOS = YES_AGGRESSIVE;
				GCC_WARN_UNUSED_FUNCTION = YES;
				GCC_WARN_UNUSED_VARIABLE = YES;
				IPHONEOS_DEPLOYMENT_TARGET = 13.0;
				MACOSX_DEPLOYMENT_TARGET = 10.15;
				MTL_ENABLE_DEBUG_INFO = INCLUDE_SOURCE;
				MTL_FAST_MATH = YES;
				ONLY_ACTIVE_ARCH = YES;
				SDKROOT = macosx;
				SWIFT_ACTIVE_COMPILATION_CONDITIONS = DEBUG;
				SWIFT_OPTIMIZATION_LEVEL = "-Onone";
				VERSIONING_SYSTEM = "apple-generic";
				VERSION_INFO_PREFIX = "";
			};
			name = Debug;
		};
		DB3C4A122964400C00D8AA9B /* Release */ = {
			isa = XCBuildConfiguration;
			buildSettings = {
				ALWAYS_SEARCH_USER_PATHS = NO;
				CLANG_ANALYZER_NONNULL = YES;
				CLANG_ANALYZER_NUMBER_OBJECT_CONVERSION = YES_AGGRESSIVE;
				CLANG_CXX_LANGUAGE_STANDARD = "gnu++20";
				CLANG_ENABLE_MODULES = YES;
				CLANG_ENABLE_OBJC_ARC = YES;
				CLANG_ENABLE_OBJC_WEAK = YES;
				CLANG_WARN_BLOCK_CAPTURE_AUTORELEASING = YES;
				CLANG_WARN_BOOL_CONVERSION = YES;
				CLANG_WARN_COMMA = YES;
				CLANG_WARN_CONSTANT_CONVERSION = YES;
				CLANG_WARN_DEPRECATED_OBJC_IMPLEMENTATIONS = YES;
				CLANG_WARN_DIRECT_OBJC_ISA_USAGE = YES_ERROR;
				CLANG_WARN_DOCUMENTATION_COMMENTS = YES;
				CLANG_WARN_EMPTY_BODY = YES;
				CLANG_WARN_ENUM_CONVERSION = YES;
				CLANG_WARN_INFINITE_RECURSION = YES;
				CLANG_WARN_INT_CONVERSION = YES;
				CLANG_WARN_NON_LITERAL_NULL_CONVERSION = YES;
				CLANG_WARN_OBJC_IMPLICIT_RETAIN_SELF = YES;
				CLANG_WARN_OBJC_LITERAL_CONVERSION = YES;
				CLANG_WARN_OBJC_ROOT_CLASS = YES_ERROR;
				CLANG_WARN_QUOTED_INCLUDE_IN_FRAMEWORK_HEADER = YES;
				CLANG_WARN_RANGE_LOOP_ANALYSIS = YES;
				CLANG_WARN_STRICT_PROTOTYPES = YES;
				CLANG_WARN_SUSPICIOUS_MOVE = YES;
				CLANG_WARN_UNGUARDED_AVAILABILITY = YES_AGGRESSIVE;
				CLANG_WARN_UNREACHABLE_CODE = YES;
				CLANG_WARN__DUPLICATE_METHOD_MATCH = YES;
				COPY_PHASE_STRIP = NO;
				CURRENT_PROJECT_VERSION = 1;
				DEBUG_INFORMATION_FORMAT = "dwarf-with-dsym";
				ENABLE_NS_ASSERTIONS = NO;
				ENABLE_STRICT_OBJC_MSGSEND = YES;
				GCC_C_LANGUAGE_STANDARD = gnu11;
				GCC_NO_COMMON_BLOCKS = YES;
				GCC_WARN_64_TO_32_BIT_CONVERSION = YES;
				GCC_WARN_ABOUT_RETURN_TYPE = YES_ERROR;
				GCC_WARN_UNDECLARED_SELECTOR = YES;
				GCC_WARN_UNINITIALIZED_AUTOS = YES_AGGRESSIVE;
				GCC_WARN_UNUSED_FUNCTION = YES;
				GCC_WARN_UNUSED_VARIABLE = YES;
				IPHONEOS_DEPLOYMENT_TARGET = 13.0;
				MACOSX_DEPLOYMENT_TARGET = 10.15;
				MTL_ENABLE_DEBUG_INFO = NO;
				MTL_FAST_MATH = YES;
				SDKROOT = macosx;
				SWIFT_COMPILATION_MODE = wholemodule;
				SWIFT_OPTIMIZATION_LEVEL = "-O";
				VALIDATE_PRODUCT = YES;
				VERSIONING_SYSTEM = "apple-generic";
				VERSION_INFO_PREFIX = "";
			};
			name = Release;
		};
		DB3C4A142964400C00D8AA9B /* Debug */ = {
			isa = XCBuildConfiguration;
			buildSettings = {
				CLANG_ENABLE_MODULES = YES;
				CODE_SIGN_STYLE = Automatic;
				CURRENT_PROJECT_VERSION = 1;
				DEFINES_MODULE = YES;
				DEVELOPMENT_TEAM = BTPQF57VMN;
				DYLIB_COMPATIBILITY_VERSION = 1;
				DYLIB_CURRENT_VERSION = 1;
				DYLIB_INSTALL_NAME_BASE = "@rpath";
				GENERATE_INFOPLIST_FILE = YES;
				INFOPLIST_KEY_NSHumanReadableCopyright = "";
				INSTALL_PATH = "$(LOCAL_LIBRARY_DIR)/Frameworks";
				LD_RUNPATH_SEARCH_PATHS = (
					"$(inherited)",
					"@executable_path/Frameworks",
					"@loader_path/Frameworks",
				);
				MARKETING_VERSION = 1.0;
				PRODUCT_BUNDLE_IDENTIFIER = com.dantish.TrendingReposiOS;
				PRODUCT_NAME = "$(TARGET_NAME:c99extidentifier)";
				SDKROOT = iphoneos;
				SKIP_INSTALL = YES;
				SWIFT_EMIT_LOC_STRINGS = YES;
				SWIFT_OPTIMIZATION_LEVEL = "-Onone";
				SWIFT_VERSION = 5.0;
				TARGETED_DEVICE_FAMILY = "1,2";
			};
			name = Debug;
		};
		DB3C4A152964400C00D8AA9B /* Release */ = {
			isa = XCBuildConfiguration;
			buildSettings = {
				CLANG_ENABLE_MODULES = YES;
				CODE_SIGN_STYLE = Automatic;
				CURRENT_PROJECT_VERSION = 1;
				DEFINES_MODULE = YES;
				DEVELOPMENT_TEAM = BTPQF57VMN;
				DYLIB_COMPATIBILITY_VERSION = 1;
				DYLIB_CURRENT_VERSION = 1;
				DYLIB_INSTALL_NAME_BASE = "@rpath";
				GENERATE_INFOPLIST_FILE = YES;
				INFOPLIST_KEY_NSHumanReadableCopyright = "";
				INSTALL_PATH = "$(LOCAL_LIBRARY_DIR)/Frameworks";
				LD_RUNPATH_SEARCH_PATHS = (
					"$(inherited)",
					"@executable_path/Frameworks",
					"@loader_path/Frameworks",
				);
				MARKETING_VERSION = 1.0;
				PRODUCT_BUNDLE_IDENTIFIER = com.dantish.TrendingReposiOS;
				PRODUCT_NAME = "$(TARGET_NAME:c99extidentifier)";
				SDKROOT = iphoneos;
				SKIP_INSTALL = YES;
				SWIFT_EMIT_LOC_STRINGS = YES;
				SWIFT_VERSION = 5.0;
				TARGETED_DEVICE_FAMILY = "1,2";
			};
			name = Release;
		};
		DB3C4A172964400C00D8AA9B /* Debug */ = {
			isa = XCBuildConfiguration;
			buildSettings = {
				ALWAYS_EMBED_SWIFT_STANDARD_LIBRARIES = YES;
				CLANG_ENABLE_MODULES = YES;
				CODE_SIGN_STYLE = Automatic;
				CURRENT_PROJECT_VERSION = 1;
				DEVELOPMENT_TEAM = BTPQF57VMN;
				GENERATE_INFOPLIST_FILE = YES;
				LD_RUNPATH_SEARCH_PATHS = (
					"$(inherited)",
					"@executable_path/Frameworks",
					"@loader_path/Frameworks",
				);
				MARKETING_VERSION = 1.0;
				PRODUCT_BUNDLE_IDENTIFIER = com.dantish.TrendingReposiOSTests;
				PRODUCT_NAME = "$(TARGET_NAME)";
				SDKROOT = iphoneos;
				SWIFT_EMIT_LOC_STRINGS = NO;
				SWIFT_OPTIMIZATION_LEVEL = "-Onone";
				SWIFT_VERSION = 5.0;
				TARGETED_DEVICE_FAMILY = "1,2";
			};
			name = Debug;
		};
		DB3C4A182964400C00D8AA9B /* Release */ = {
			isa = XCBuildConfiguration;
			buildSettings = {
				ALWAYS_EMBED_SWIFT_STANDARD_LIBRARIES = YES;
				CLANG_ENABLE_MODULES = YES;
				CODE_SIGN_STYLE = Automatic;
				CURRENT_PROJECT_VERSION = 1;
				DEVELOPMENT_TEAM = BTPQF57VMN;
				GENERATE_INFOPLIST_FILE = YES;
				LD_RUNPATH_SEARCH_PATHS = (
					"$(inherited)",
					"@executable_path/Frameworks",
					"@loader_path/Frameworks",
				);
				MARKETING_VERSION = 1.0;
				PRODUCT_BUNDLE_IDENTIFIER = com.dantish.TrendingReposiOSTests;
				PRODUCT_NAME = "$(TARGET_NAME)";
				SDKROOT = iphoneos;
				SWIFT_EMIT_LOC_STRINGS = NO;
				SWIFT_VERSION = 5.0;
				TARGETED_DEVICE_FAMILY = "1,2";
			};
			name = Release;
		};
		DB55295E2969857C00DBA07E /* Debug */ = {
			isa = XCBuildConfiguration;
			buildSettings = {
				CLANG_ENABLE_MODULES = YES;
				CODE_SIGN_STYLE = Automatic;
				COMBINE_HIDPI_IMAGES = YES;
				CURRENT_PROJECT_VERSION = 1;
				DEFINES_MODULE = YES;
				DEVELOPMENT_TEAM = BTPQF57VMN;
				DYLIB_COMPATIBILITY_VERSION = 1;
				DYLIB_CURRENT_VERSION = 1;
				DYLIB_INSTALL_NAME_BASE = "@rpath";
				GENERATE_INFOPLIST_FILE = YES;
				INFOPLIST_KEY_NSHumanReadableCopyright = "";
				INSTALL_PATH = "$(LOCAL_LIBRARY_DIR)/Frameworks";
				LD_RUNPATH_SEARCH_PATHS = (
					"$(inherited)",
					"@executable_path/../Frameworks",
					"@loader_path/Frameworks",
				);
				MARKETING_VERSION = 1.0;
				PRODUCT_BUNDLE_IDENTIFIER = com.dantish.TrendingRepos;
				PRODUCT_NAME = "$(TARGET_NAME:c99extidentifier)";
				SKIP_INSTALL = YES;
				SUPPORTED_PLATFORMS = "macosx iphoneos iphonesimulator";
				SWIFT_EMIT_LOC_STRINGS = YES;
				SWIFT_OPTIMIZATION_LEVEL = "-Onone";
				SWIFT_VERSION = 5.0;
			};
			name = Debug;
		};
		DB55295F2969857C00DBA07E /* Release */ = {
			isa = XCBuildConfiguration;
			buildSettings = {
				CLANG_ENABLE_MODULES = YES;
				CODE_SIGN_STYLE = Automatic;
				COMBINE_HIDPI_IMAGES = YES;
				CURRENT_PROJECT_VERSION = 1;
				DEFINES_MODULE = YES;
				DEVELOPMENT_TEAM = BTPQF57VMN;
				DYLIB_COMPATIBILITY_VERSION = 1;
				DYLIB_CURRENT_VERSION = 1;
				DYLIB_INSTALL_NAME_BASE = "@rpath";
				GENERATE_INFOPLIST_FILE = YES;
				INFOPLIST_KEY_NSHumanReadableCopyright = "";
				INSTALL_PATH = "$(LOCAL_LIBRARY_DIR)/Frameworks";
				LD_RUNPATH_SEARCH_PATHS = (
					"$(inherited)",
					"@executable_path/../Frameworks",
					"@loader_path/Frameworks",
				);
				MARKETING_VERSION = 1.0;
				PRODUCT_BUNDLE_IDENTIFIER = com.dantish.TrendingRepos;
				PRODUCT_NAME = "$(TARGET_NAME:c99extidentifier)";
				SKIP_INSTALL = YES;
				SUPPORTED_PLATFORMS = "macosx iphoneos iphonesimulator";
				SWIFT_EMIT_LOC_STRINGS = YES;
				SWIFT_VERSION = 5.0;
			};
			name = Release;
		};
		DB5529602969857C00DBA07E /* Debug */ = {
			isa = XCBuildConfiguration;
			buildSettings = {
				ALWAYS_EMBED_SWIFT_STANDARD_LIBRARIES = YES;
				CLANG_ENABLE_MODULES = YES;
				CODE_SIGN_STYLE = Automatic;
				CURRENT_PROJECT_VERSION = 1;
				DEVELOPMENT_TEAM = BTPQF57VMN;
				GENERATE_INFOPLIST_FILE = YES;
				LD_RUNPATH_SEARCH_PATHS = (
					"$(inherited)",
					"@executable_path/Frameworks",
					"@loader_path/Frameworks",
				);
				MARKETING_VERSION = 1.0;
				PRODUCT_BUNDLE_IDENTIFIER = com.dantish.TrendingReposTests;
				PRODUCT_NAME = "$(TARGET_NAME)";
				SUPPORTED_PLATFORMS = "macosx iphonesimulator iphoneos";
				SWIFT_EMIT_LOC_STRINGS = NO;
				SWIFT_OPTIMIZATION_LEVEL = "-Onone";
				SWIFT_VERSION = 5.0;
			};
			name = Debug;
		};
		DB5529612969857C00DBA07E /* Release */ = {
			isa = XCBuildConfiguration;
			buildSettings = {
				ALWAYS_EMBED_SWIFT_STANDARD_LIBRARIES = YES;
				CLANG_ENABLE_MODULES = YES;
				CODE_SIGN_STYLE = Automatic;
				CURRENT_PROJECT_VERSION = 1;
				DEVELOPMENT_TEAM = BTPQF57VMN;
				GENERATE_INFOPLIST_FILE = YES;
				LD_RUNPATH_SEARCH_PATHS = (
					"$(inherited)",
					"@executable_path/Frameworks",
					"@loader_path/Frameworks",
				);
				MARKETING_VERSION = 1.0;
				PRODUCT_BUNDLE_IDENTIFIER = com.dantish.TrendingReposTests;
				PRODUCT_NAME = "$(TARGET_NAME)";
				SUPPORTED_PLATFORMS = "macosx iphonesimulator iphoneos";
				SWIFT_EMIT_LOC_STRINGS = NO;
				SWIFT_VERSION = 5.0;
			};
			name = Release;
		};
/* End XCBuildConfiguration section */

/* Begin XCConfigurationList section */
		DB3C49FB2964400B00D8AA9B /* Build configuration list for PBXProject "TrendingReposiOS" */ = {
			isa = XCConfigurationList;
			buildConfigurations = (
				DB3C4A112964400C00D8AA9B /* Debug */,
				DB3C4A122964400C00D8AA9B /* Release */,
			);
			defaultConfigurationIsVisible = 0;
			defaultConfigurationName = Release;
		};
		DB3C4A132964400C00D8AA9B /* Build configuration list for PBXNativeTarget "TrendingReposiOS" */ = {
			isa = XCConfigurationList;
			buildConfigurations = (
				DB3C4A142964400C00D8AA9B /* Debug */,
				DB3C4A152964400C00D8AA9B /* Release */,
			);
			defaultConfigurationIsVisible = 0;
			defaultConfigurationName = Release;
		};
		DB3C4A162964400C00D8AA9B /* Build configuration list for PBXNativeTarget "TrendingReposiOSTests" */ = {
			isa = XCConfigurationList;
			buildConfigurations = (
				DB3C4A172964400C00D8AA9B /* Debug */,
				DB3C4A182964400C00D8AA9B /* Release */,
			);
			defaultConfigurationIsVisible = 0;
			defaultConfigurationName = Release;
		};
		DB5529622969857C00DBA07E /* Build configuration list for PBXNativeTarget "TrendingRepos" */ = {
			isa = XCConfigurationList;
			buildConfigurations = (
				DB55295E2969857C00DBA07E /* Debug */,
				DB55295F2969857C00DBA07E /* Release */,
			);
			defaultConfigurationIsVisible = 0;
			defaultConfigurationName = Release;
		};
		DB5529632969857C00DBA07E /* Build configuration list for PBXNativeTarget "TrendingReposTests" */ = {
			isa = XCConfigurationList;
			buildConfigurations = (
				DB5529602969857C00DBA07E /* Debug */,
				DB5529612969857C00DBA07E /* Release */,
			);
			defaultConfigurationIsVisible = 0;
			defaultConfigurationName = Release;
		};
/* End XCConfigurationList section */

/* Begin XCRemoteSwiftPackageReference section */
		DB55293029660AC700DBA07E /* XCRemoteSwiftPackageReference "lottie-ios" */ = {
			isa = XCRemoteSwiftPackageReference;
			repositoryURL = "https://github.com/airbnb/lottie-ios.git";
			requirement = {
				kind = upToNextMajorVersion;
				minimumVersion = 4.0.0;
			};
		};
/* End XCRemoteSwiftPackageReference section */

/* Begin XCSwiftPackageProductDependency section */
		DB55293129660AC700DBA07E /* Lottie */ = {
			isa = XCSwiftPackageProductDependency;
			package = DB55293029660AC700DBA07E /* XCRemoteSwiftPackageReference "lottie-ios" */;
			productName = Lottie;
		};
/* End XCSwiftPackageProductDependency section */
	};
	rootObject = DB3C49F82964400B00D8AA9B /* Project object */;
}
